// !$*UTF8*$!
{
	archiveVersion = 1;
	classes = {
	};
	objectVersion = 51;
	objects = {

/* Begin PBXBuildFile section */
		2E350DF82550CBDD00083B2E /* AppDelegate.swift in Sources */ = {isa = PBXBuildFile; fileRef = 2E350DF72550CBDD00083B2E /* AppDelegate.swift */; };
		2E350DFC2550CBDD00083B2E /* MainViewController.swift in Sources */ = {isa = PBXBuildFile; fileRef = 2E350DFB2550CBDD00083B2E /* MainViewController.swift */; };
		2E350DFF2550CBDD00083B2E /* Main.storyboard in Resources */ = {isa = PBXBuildFile; fileRef = 2E350DFD2550CBDD00083B2E /* Main.storyboard */; };
		2E350E012550CBE000083B2E /* Assets.xcassets in Resources */ = {isa = PBXBuildFile; fileRef = 2E350E002550CBE000083B2E /* Assets.xcassets */; };
		2E350E042550CBE000083B2E /* LaunchScreen.storyboard in Resources */ = {isa = PBXBuildFile; fileRef = 2E350E022550CBE000083B2E /* LaunchScreen.storyboard */; };
		2E350E0F2550CBE000083B2E /* GifRTests.swift in Sources */ = {isa = PBXBuildFile; fileRef = 2E350E0E2550CBE000083B2E /* GifRTests.swift */; };
		2E350E1A2550CBE000083B2E /* GifRUITests.swift in Sources */ = {isa = PBXBuildFile; fileRef = 2E350E192550CBE000083B2E /* GifRUITests.swift */; };
		2E350EBD2550DD8400083B2E /* Onboarding.storyboard in Resources */ = {isa = PBXBuildFile; fileRef = 2E350EAA2550DD8400083B2E /* Onboarding.storyboard */; };
		2E350EBE2550DD8400083B2E /* OnboardingPresenter.swift in Sources */ = {isa = PBXBuildFile; fileRef = 2E350EAC2550DD8400083B2E /* OnboardingPresenter.swift */; };
		2E350EBF2550DD8400083B2E /* OnboardingConnector.swift in Sources */ = {isa = PBXBuildFile; fileRef = 2E350EAE2550DD8400083B2E /* OnboardingConnector.swift */; };
		2E350EC02550DD8400083B2E /* OnboardingCellProtocol.swift in Sources */ = {isa = PBXBuildFile; fileRef = 2E350EB22550DD8400083B2E /* OnboardingCellProtocol.swift */; };
		2E350EC12550DD8400083B2E /* OnboardingTextFieldCell.swift in Sources */ = {isa = PBXBuildFile; fileRef = 2E350EB32550DD8400083B2E /* OnboardingTextFieldCell.swift */; };
		2E350EC22550DD8400083B2E /* OnboardingViewModel.swift in Sources */ = {isa = PBXBuildFile; fileRef = 2E350EB42550DD8400083B2E /* OnboardingViewModel.swift */; };
		2E350EC32550DD8400083B2E /* OnboardingCellConfigurator.swift in Sources */ = {isa = PBXBuildFile; fileRef = 2E350EB52550DD8400083B2E /* OnboardingCellConfigurator.swift */; };
		2E350EC42550DD8400083B2E /* OnboardingAdapter.swift in Sources */ = {isa = PBXBuildFile; fileRef = 2E350EB62550DD8400083B2E /* OnboardingAdapter.swift */; };
		2E350EC52550DD8400083B2E /* OnboardingViewController.swift in Sources */ = {isa = PBXBuildFile; fileRef = 2E350EB72550DD8400083B2E /* OnboardingViewController.swift */; };
		2E350EC62550DD8400083B2E /* OnboardingUseCase.swift in Sources */ = {isa = PBXBuildFile; fileRef = 2E350EB92550DD8400083B2E /* OnboardingUseCase.swift */; };
		2E350EC72550DD8400083B2E /* OnboardingBeginTransformer.swift in Sources */ = {isa = PBXBuildFile; fileRef = 2E350EBA2550DD8400083B2E /* OnboardingBeginTransformer.swift */; };
		2E350EC82550DD8400083B2E /* OnboardingRouter.swift in Sources */ = {isa = PBXBuildFile; fileRef = 2E350EBC2550DD8400083B2E /* OnboardingRouter.swift */; };
		2E350ED52550DE0B00083B2E /* Cells.swift in Sources */ = {isa = PBXBuildFile; fileRef = 2E350ED42550DE0B00083B2E /* Cells.swift */; };
		2E350EDE2550DF7600083B2E /* IntroViewController.swift in Sources */ = {isa = PBXBuildFile; fileRef = 2E350EDD2550DF7600083B2E /* IntroViewController.swift */; };
		2E350EE62550DFAE00083B2E /* Intro.storyboard in Resources */ = {isa = PBXBuildFile; fileRef = 2E350EE52550DFAE00083B2E /* Intro.storyboard */; };
		2E350F052550E4F100083B2E /* OnboardingTextFieldCell.xib in Resources */ = {isa = PBXBuildFile; fileRef = 2E350F042550E4F100083B2E /* OnboardingTextFieldCell.xib */; };
		95F8CFF4F125249842E5B50B /* Pods_GifRTests.framework in Frameworks */ = {isa = PBXBuildFile; fileRef = 5AF00DBD3117FF46A920AA9C /* Pods_GifRTests.framework */; };
		AC06157646A04D08401B512A /* Pods_GifR.framework in Frameworks */ = {isa = PBXBuildFile; fileRef = 9E2CFB58F073028AD6D9217F /* Pods_GifR.framework */; };
		E1640DFE6AF1E79B0D866527 /* Pods_GifR_GifRUITests.framework in Frameworks */ = {isa = PBXBuildFile; fileRef = 6D6F2598A0898F684ECA3A06 /* Pods_GifR_GifRUITests.framework */; };
/* End PBXBuildFile section */

/* Begin PBXContainerItemProxy section */
		2E350E0B2550CBE000083B2E /* PBXContainerItemProxy */ = {
			isa = PBXContainerItemProxy;
			containerPortal = 2E350DEC2550CBDD00083B2E /* Project object */;
			proxyType = 1;
			remoteGlobalIDString = 2E350DF32550CBDD00083B2E;
			remoteInfo = GifR;
		};
		2E350E162550CBE000083B2E /* PBXContainerItemProxy */ = {
			isa = PBXContainerItemProxy;
			containerPortal = 2E350DEC2550CBDD00083B2E /* Project object */;
			proxyType = 1;
			remoteGlobalIDString = 2E350DF32550CBDD00083B2E;
			remoteInfo = GifR;
		};
/* End PBXContainerItemProxy section */

/* Begin PBXFileReference section */
		15721913E787209344C3C21D /* Pods-GifR-GifRUITests.debug.xcconfig */ = {isa = PBXFileReference; includeInIndex = 1; lastKnownFileType = text.xcconfig; name = "Pods-GifR-GifRUITests.debug.xcconfig"; path = "Target Support Files/Pods-GifR-GifRUITests/Pods-GifR-GifRUITests.debug.xcconfig"; sourceTree = "<group>"; };
		2E350DF42550CBDD00083B2E /* GifR.app */ = {isa = PBXFileReference; explicitFileType = wrapper.application; includeInIndex = 0; path = GifR.app; sourceTree = BUILT_PRODUCTS_DIR; };
		2E350DF72550CBDD00083B2E /* AppDelegate.swift */ = {isa = PBXFileReference; lastKnownFileType = sourcecode.swift; path = AppDelegate.swift; sourceTree = "<group>"; };
		2E350DFB2550CBDD00083B2E /* MainViewController.swift */ = {isa = PBXFileReference; lastKnownFileType = sourcecode.swift; path = MainViewController.swift; sourceTree = "<group>"; };
		2E350DFE2550CBDD00083B2E /* Base */ = {isa = PBXFileReference; lastKnownFileType = file.storyboard; name = Base; path = Base.lproj/Main.storyboard; sourceTree = "<group>"; };
		2E350E002550CBE000083B2E /* Assets.xcassets */ = {isa = PBXFileReference; lastKnownFileType = folder.assetcatalog; path = Assets.xcassets; sourceTree = "<group>"; };
		2E350E032550CBE000083B2E /* Base */ = {isa = PBXFileReference; lastKnownFileType = file.storyboard; name = Base; path = Base.lproj/LaunchScreen.storyboard; sourceTree = "<group>"; };
		2E350E052550CBE000083B2E /* Info.plist */ = {isa = PBXFileReference; lastKnownFileType = text.plist.xml; path = Info.plist; sourceTree = "<group>"; };
		2E350E0A2550CBE000083B2E /* GifRTests.xctest */ = {isa = PBXFileReference; explicitFileType = wrapper.cfbundle; includeInIndex = 0; path = GifRTests.xctest; sourceTree = BUILT_PRODUCTS_DIR; };
		2E350E0E2550CBE000083B2E /* GifRTests.swift */ = {isa = PBXFileReference; lastKnownFileType = sourcecode.swift; path = GifRTests.swift; sourceTree = "<group>"; };
		2E350E102550CBE000083B2E /* Info.plist */ = {isa = PBXFileReference; lastKnownFileType = text.plist.xml; path = Info.plist; sourceTree = "<group>"; };
		2E350E152550CBE000083B2E /* GifRUITests.xctest */ = {isa = PBXFileReference; explicitFileType = wrapper.cfbundle; includeInIndex = 0; path = GifRUITests.xctest; sourceTree = BUILT_PRODUCTS_DIR; };
		2E350E192550CBE000083B2E /* GifRUITests.swift */ = {isa = PBXFileReference; lastKnownFileType = sourcecode.swift; path = GifRUITests.swift; sourceTree = "<group>"; };
		2E350E1B2550CBE000083B2E /* Info.plist */ = {isa = PBXFileReference; lastKnownFileType = text.plist.xml; path = Info.plist; sourceTree = "<group>"; };
		2E350EAA2550DD8400083B2E /* Onboarding.storyboard */ = {isa = PBXFileReference; fileEncoding = 4; lastKnownFileType = file.storyboard; path = Onboarding.storyboard; sourceTree = "<group>"; };
		2E350EAC2550DD8400083B2E /* OnboardingPresenter.swift */ = {isa = PBXFileReference; fileEncoding = 4; lastKnownFileType = sourcecode.swift; path = OnboardingPresenter.swift; sourceTree = "<group>"; };
		2E350EAE2550DD8400083B2E /* OnboardingConnector.swift */ = {isa = PBXFileReference; fileEncoding = 4; lastKnownFileType = sourcecode.swift; path = OnboardingConnector.swift; sourceTree = "<group>"; };
		2E350EB22550DD8400083B2E /* OnboardingCellProtocol.swift */ = {isa = PBXFileReference; fileEncoding = 4; lastKnownFileType = sourcecode.swift; path = OnboardingCellProtocol.swift; sourceTree = "<group>"; };
		2E350EB32550DD8400083B2E /* OnboardingTextFieldCell.swift */ = {isa = PBXFileReference; fileEncoding = 4; lastKnownFileType = sourcecode.swift; path = OnboardingTextFieldCell.swift; sourceTree = "<group>"; };
		2E350EB42550DD8400083B2E /* OnboardingViewModel.swift */ = {isa = PBXFileReference; fileEncoding = 4; lastKnownFileType = sourcecode.swift; path = OnboardingViewModel.swift; sourceTree = "<group>"; };
		2E350EB52550DD8400083B2E /* OnboardingCellConfigurator.swift */ = {isa = PBXFileReference; fileEncoding = 4; lastKnownFileType = sourcecode.swift; path = OnboardingCellConfigurator.swift; sourceTree = "<group>"; };
		2E350EB62550DD8400083B2E /* OnboardingAdapter.swift */ = {isa = PBXFileReference; fileEncoding = 4; lastKnownFileType = sourcecode.swift; path = OnboardingAdapter.swift; sourceTree = "<group>"; };
		2E350EB72550DD8400083B2E /* OnboardingViewController.swift */ = {isa = PBXFileReference; fileEncoding = 4; lastKnownFileType = sourcecode.swift; path = OnboardingViewController.swift; sourceTree = "<group>"; };
		2E350EB92550DD8400083B2E /* OnboardingUseCase.swift */ = {isa = PBXFileReference; fileEncoding = 4; lastKnownFileType = sourcecode.swift; path = OnboardingUseCase.swift; sourceTree = "<group>"; };
		2E350EBA2550DD8400083B2E /* OnboardingBeginTransformer.swift */ = {isa = PBXFileReference; fileEncoding = 4; lastKnownFileType = sourcecode.swift; path = OnboardingBeginTransformer.swift; sourceTree = "<group>"; };
		2E350EBC2550DD8400083B2E /* OnboardingRouter.swift */ = {isa = PBXFileReference; fileEncoding = 4; lastKnownFileType = sourcecode.swift; path = OnboardingRouter.swift; sourceTree = "<group>"; };
		2E350ED42550DE0B00083B2E /* Cells.swift */ = {isa = PBXFileReference; lastKnownFileType = sourcecode.swift; path = Cells.swift; sourceTree = "<group>"; };
		2E350EDD2550DF7600083B2E /* IntroViewController.swift */ = {isa = PBXFileReference; lastKnownFileType = sourcecode.swift; path = IntroViewController.swift; sourceTree = "<group>"; };
		2E350EE52550DFAE00083B2E /* Intro.storyboard */ = {isa = PBXFileReference; lastKnownFileType = file.storyboard; path = Intro.storyboard; sourceTree = "<group>"; };
		2E350F042550E4F100083B2E /* OnboardingTextFieldCell.xib */ = {isa = PBXFileReference; lastKnownFileType = file.xib; path = OnboardingTextFieldCell.xib; sourceTree = "<group>"; };
		5AF00DBD3117FF46A920AA9C /* Pods_GifRTests.framework */ = {isa = PBXFileReference; explicitFileType = wrapper.framework; includeInIndex = 0; path = Pods_GifRTests.framework; sourceTree = BUILT_PRODUCTS_DIR; };
		6D6F2598A0898F684ECA3A06 /* Pods_GifR_GifRUITests.framework */ = {isa = PBXFileReference; explicitFileType = wrapper.framework; includeInIndex = 0; path = Pods_GifR_GifRUITests.framework; sourceTree = BUILT_PRODUCTS_DIR; };
		6FFCC379480793231BE48265 /* Pods-GifR.release.xcconfig */ = {isa = PBXFileReference; includeInIndex = 1; lastKnownFileType = text.xcconfig; name = "Pods-GifR.release.xcconfig"; path = "Target Support Files/Pods-GifR/Pods-GifR.release.xcconfig"; sourceTree = "<group>"; };
		7074A492A67C234F2D44C91C /* Pods-GifRTests.release.xcconfig */ = {isa = PBXFileReference; includeInIndex = 1; lastKnownFileType = text.xcconfig; name = "Pods-GifRTests.release.xcconfig"; path = "Target Support Files/Pods-GifRTests/Pods-GifRTests.release.xcconfig"; sourceTree = "<group>"; };
		9E2CFB58F073028AD6D9217F /* Pods_GifR.framework */ = {isa = PBXFileReference; explicitFileType = wrapper.framework; includeInIndex = 0; path = Pods_GifR.framework; sourceTree = BUILT_PRODUCTS_DIR; };
		C6EA32E17A05650F02441D97 /* Pods-GifR-GifRUITests.release.xcconfig */ = {isa = PBXFileReference; includeInIndex = 1; lastKnownFileType = text.xcconfig; name = "Pods-GifR-GifRUITests.release.xcconfig"; path = "Target Support Files/Pods-GifR-GifRUITests/Pods-GifR-GifRUITests.release.xcconfig"; sourceTree = "<group>"; };
		E61ECD57B22A331342ABD70F /* Pods-GifRTests.debug.xcconfig */ = {isa = PBXFileReference; includeInIndex = 1; lastKnownFileType = text.xcconfig; name = "Pods-GifRTests.debug.xcconfig"; path = "Target Support Files/Pods-GifRTests/Pods-GifRTests.debug.xcconfig"; sourceTree = "<group>"; };
		F18A389A039A67FFF305930E /* Pods-GifR.debug.xcconfig */ = {isa = PBXFileReference; includeInIndex = 1; lastKnownFileType = text.xcconfig; name = "Pods-GifR.debug.xcconfig"; path = "Target Support Files/Pods-GifR/Pods-GifR.debug.xcconfig"; sourceTree = "<group>"; };
/* End PBXFileReference section */

/* Begin PBXFrameworksBuildPhase section */
		2E350DF12550CBDD00083B2E /* Frameworks */ = {
			isa = PBXFrameworksBuildPhase;
			buildActionMask = 2147483647;
			files = (
				AC06157646A04D08401B512A /* Pods_GifR.framework in Frameworks */,
			);
			runOnlyForDeploymentPostprocessing = 0;
		};
		2E350E072550CBE000083B2E /* Frameworks */ = {
			isa = PBXFrameworksBuildPhase;
			buildActionMask = 2147483647;
			files = (
				95F8CFF4F125249842E5B50B /* Pods_GifRTests.framework in Frameworks */,
			);
			runOnlyForDeploymentPostprocessing = 0;
		};
		2E350E122550CBE000083B2E /* Frameworks */ = {
			isa = PBXFrameworksBuildPhase;
			buildActionMask = 2147483647;
			files = (
				E1640DFE6AF1E79B0D866527 /* Pods_GifR_GifRUITests.framework in Frameworks */,
			);
			runOnlyForDeploymentPostprocessing = 0;
		};
/* End PBXFrameworksBuildPhase section */

/* Begin PBXGroup section */
		110A4F251B03AA3E93B2E493 /* Pods */ = {
			isa = PBXGroup;
			children = (
				F18A389A039A67FFF305930E /* Pods-GifR.debug.xcconfig */,
				6FFCC379480793231BE48265 /* Pods-GifR.release.xcconfig */,
				15721913E787209344C3C21D /* Pods-GifR-GifRUITests.debug.xcconfig */,
				C6EA32E17A05650F02441D97 /* Pods-GifR-GifRUITests.release.xcconfig */,
				E61ECD57B22A331342ABD70F /* Pods-GifRTests.debug.xcconfig */,
				7074A492A67C234F2D44C91C /* Pods-GifRTests.release.xcconfig */,
			);
			path = Pods;
			sourceTree = "<group>";
		};
		154A1ABF104F90B68EE31AD3 /* Frameworks */ = {
			isa = PBXGroup;
			children = (
				9E2CFB58F073028AD6D9217F /* Pods_GifR.framework */,
				6D6F2598A0898F684ECA3A06 /* Pods_GifR_GifRUITests.framework */,
				5AF00DBD3117FF46A920AA9C /* Pods_GifRTests.framework */,
			);
			name = Frameworks;
			sourceTree = "<group>";
		};
		2E350DEB2550CBDD00083B2E = {
			isa = PBXGroup;
			children = (
				2E350DF62550CBDD00083B2E /* GifR */,
				2E350E0D2550CBE000083B2E /* GifRTests */,
				2E350E182550CBE000083B2E /* GifRUITests */,
				2E350DF52550CBDD00083B2E /* Products */,
				110A4F251B03AA3E93B2E493 /* Pods */,
				154A1ABF104F90B68EE31AD3 /* Frameworks */,
			);
			sourceTree = "<group>";
		};
		2E350DF52550CBDD00083B2E /* Products */ = {
			isa = PBXGroup;
			children = (
				2E350DF42550CBDD00083B2E /* GifR.app */,
				2E350E0A2550CBE000083B2E /* GifRTests.xctest */,
				2E350E152550CBE000083B2E /* GifRUITests.xctest */,
			);
			name = Products;
			sourceTree = "<group>";
		};
		2E350DF62550CBDD00083B2E /* GifR */ = {
			isa = PBXGroup;
			children = (
				2E350E9B2550DCAA00083B2E /* Scenes */,
				2E350E002550CBE000083B2E /* Assets.xcassets */,
				2E350E022550CBE000083B2E /* LaunchScreen.storyboard */,
				2E350E052550CBE000083B2E /* Info.plist */,
			);
			path = GifR;
			sourceTree = "<group>";
		};
		2E350E0D2550CBE000083B2E /* GifRTests */ = {
			isa = PBXGroup;
			children = (
				2E350E0E2550CBE000083B2E /* GifRTests.swift */,
				2E350E102550CBE000083B2E /* Info.plist */,
			);
			path = GifRTests;
			sourceTree = "<group>";
		};
		2E350E182550CBE000083B2E /* GifRUITests */ = {
			isa = PBXGroup;
			children = (
				2E350E192550CBE000083B2E /* GifRUITests.swift */,
				2E350E1B2550CBE000083B2E /* Info.plist */,
			);
			path = GifRUITests;
			sourceTree = "<group>";
		};
		2E350E9B2550DCAA00083B2E /* Scenes */ = {
			isa = PBXGroup;
			children = (
				2E350ED22550DDEE00083B2E /* Common */,
				2E350E9C2550DCB200083B2E /* AppDelegate */,
				2E350E9D2550DCBE00083B2E /* Main */,
				2E350EDC2550DF6100083B2E /* Intro */,
				2E350EA92550DD8400083B2E /* Onboarding */,
			);
			path = Scenes;
			sourceTree = "<group>";
		};
		2E350E9C2550DCB200083B2E /* AppDelegate */ = {
			isa = PBXGroup;
			children = (
				2E350DF72550CBDD00083B2E /* AppDelegate.swift */,
			);
			path = AppDelegate;
			sourceTree = "<group>";
		};
		2E350E9D2550DCBE00083B2E /* Main */ = {
			isa = PBXGroup;
			children = (
				2E350DFD2550CBDD00083B2E /* Main.storyboard */,
				2E350DFB2550CBDD00083B2E /* MainViewController.swift */,
			);
			path = Main;
			sourceTree = "<group>";
		};
		2E350EA92550DD8400083B2E /* Onboarding */ = {
			isa = PBXGroup;
			children = (
				2E350EAA2550DD8400083B2E /* Onboarding.storyboard */,
				2E350EAF2550DD8400083B2E /* View */,
				2E350EAB2550DD8400083B2E /* Presenter */,
				2E350EB82550DD8400083B2E /* UseCase */,
				2E350EBB2550DD8400083B2E /* Router */,
				2E350EAD2550DD8400083B2E /* Connector */,
			);
			path = Onboarding;
			sourceTree = "<group>";
		};
		2E350EAB2550DD8400083B2E /* Presenter */ = {
			isa = PBXGroup;
			children = (
				2E350EAC2550DD8400083B2E /* OnboardingPresenter.swift */,
			);
			path = Presenter;
			sourceTree = "<group>";
		};
		2E350EAD2550DD8400083B2E /* Connector */ = {
			isa = PBXGroup;
			children = (
				2E350EAE2550DD8400083B2E /* OnboardingConnector.swift */,
			);
			path = Connector;
			sourceTree = "<group>";
		};
		2E350EAF2550DD8400083B2E /* View */ = {
			isa = PBXGroup;
			children = (
				2E350EB72550DD8400083B2E /* OnboardingViewController.swift */,
				2E350EB02550DD8400083B2E /* TableView */,
			);
			path = View;
			sourceTree = "<group>";
		};
		2E350EB02550DD8400083B2E /* TableView */ = {
			isa = PBXGroup;
			children = (
				2E350EB52550DD8400083B2E /* OnboardingCellConfigurator.swift */,
				2E350EB62550DD8400083B2E /* OnboardingAdapter.swift */,
				2E350EB22550DD8400083B2E /* OnboardingCellProtocol.swift */,
				2E350EB42550DD8400083B2E /* OnboardingViewModel.swift */,
				2E350EB12550DD8400083B2E /* Cells */,
			);
			path = TableView;
			sourceTree = "<group>";
		};
		2E350EB12550DD8400083B2E /* Cells */ = {
			isa = PBXGroup;
			children = (
				2E350F032550E4DD00083B2E /* TextField */,
			);
			path = Cells;
			sourceTree = "<group>";
		};
		2E350EB82550DD8400083B2E /* UseCase */ = {
			isa = PBXGroup;
			children = (
				2E350EB92550DD8400083B2E /* OnboardingUseCase.swift */,
				2E350EBA2550DD8400083B2E /* OnboardingBeginTransformer.swift */,
			);
			path = UseCase;
			sourceTree = "<group>";
		};
		2E350EBB2550DD8400083B2E /* Router */ = {
			isa = PBXGroup;
			children = (
				2E350EBC2550DD8400083B2E /* OnboardingRouter.swift */,
			);
			path = Router;
			sourceTree = "<group>";
		};
		2E350ED22550DDEE00083B2E /* Common */ = {
			isa = PBXGroup;
			children = (
				2E350ED32550DDF900083B2E /* Extensions */,
			);
			path = Common;
			sourceTree = "<group>";
		};
		2E350ED32550DDF900083B2E /* Extensions */ = {
			isa = PBXGroup;
			children = (
				2E350ED42550DE0B00083B2E /* Cells.swift */,
			);
			path = Extensions;
			sourceTree = "<group>";
		};
		2E350EDC2550DF6100083B2E /* Intro */ = {
			isa = PBXGroup;
			children = (
				2E350EE52550DFAE00083B2E /* Intro.storyboard */,
				2E350EDD2550DF7600083B2E /* IntroViewController.swift */,
			);
			path = Intro;
			sourceTree = "<group>";
		};
		2E350F032550E4DD00083B2E /* TextField */ = {
			isa = PBXGroup;
			children = (
				2E350F042550E4F100083B2E /* OnboardingTextFieldCell.xib */,
				2E350EB32550DD8400083B2E /* OnboardingTextFieldCell.swift */,
			);
			path = TextField;
			sourceTree = "<group>";
		};
/* End PBXGroup section */

/* Begin PBXNativeTarget section */
		2E350DF32550CBDD00083B2E /* GifR */ = {
			isa = PBXNativeTarget;
			buildConfigurationList = 2E350E1E2550CBE000083B2E /* Build configuration list for PBXNativeTarget "GifR" */;
			buildPhases = (
				5657F878ED00E7354ABBFC83 /* [CP] Check Pods Manifest.lock */,
				2E350DF02550CBDD00083B2E /* Sources */,
				2E350DF12550CBDD00083B2E /* Frameworks */,
				2E350DF22550CBDD00083B2E /* Resources */,
				472446645A4D313CB46E39CF /* [CP] Embed Pods Frameworks */,
			);
			buildRules = (
			);
			dependencies = (
			);
			name = GifR;
			productName = GifR;
			productReference = 2E350DF42550CBDD00083B2E /* GifR.app */;
			productType = "com.apple.product-type.application";
		};
		2E350E092550CBE000083B2E /* GifRTests */ = {
			isa = PBXNativeTarget;
			buildConfigurationList = 2E350E212550CBE000083B2E /* Build configuration list for PBXNativeTarget "GifRTests" */;
			buildPhases = (
				9CDBACCAE77109AD62FC35E0 /* [CP] Check Pods Manifest.lock */,
				2E350E062550CBE000083B2E /* Sources */,
				2E350E072550CBE000083B2E /* Frameworks */,
				2E350E082550CBE000083B2E /* Resources */,
			);
			buildRules = (
			);
			dependencies = (
				2E350E0C2550CBE000083B2E /* PBXTargetDependency */,
			);
			name = GifRTests;
			productName = GifRTests;
			productReference = 2E350E0A2550CBE000083B2E /* GifRTests.xctest */;
			productType = "com.apple.product-type.bundle.unit-test";
		};
		2E350E142550CBE000083B2E /* GifRUITests */ = {
			isa = PBXNativeTarget;
			buildConfigurationList = 2E350E242550CBE000083B2E /* Build configuration list for PBXNativeTarget "GifRUITests" */;
			buildPhases = (
				DF71CB66F2F0947142E5DB66 /* [CP] Check Pods Manifest.lock */,
				2E350E112550CBE000083B2E /* Sources */,
				2E350E122550CBE000083B2E /* Frameworks */,
				2E350E132550CBE000083B2E /* Resources */,
				4447305AB7F2DC98028C07C8 /* [CP] Embed Pods Frameworks */,
			);
			buildRules = (
			);
			dependencies = (
				2E350E172550CBE000083B2E /* PBXTargetDependency */,
			);
			name = GifRUITests;
			productName = GifRUITests;
			productReference = 2E350E152550CBE000083B2E /* GifRUITests.xctest */;
			productType = "com.apple.product-type.bundle.ui-testing";
		};
/* End PBXNativeTarget section */

/* Begin PBXProject section */
		2E350DEC2550CBDD00083B2E /* Project object */ = {
			isa = PBXProject;
			attributes = {
				LastSwiftUpdateCheck = 1210;
				LastUpgradeCheck = 1210;
				TargetAttributes = {
					2E350DF32550CBDD00083B2E = {
						CreatedOnToolsVersion = 12.1;
					};
					2E350E092550CBE000083B2E = {
						CreatedOnToolsVersion = 12.1;
						TestTargetID = 2E350DF32550CBDD00083B2E;
					};
					2E350E142550CBE000083B2E = {
						CreatedOnToolsVersion = 12.1;
						TestTargetID = 2E350DF32550CBDD00083B2E;
					};
				};
			};
			buildConfigurationList = 2E350DEF2550CBDD00083B2E /* Build configuration list for PBXProject "GifR" */;
			compatibilityVersion = "Xcode 9.3";
			developmentRegion = en;
			hasScannedForEncodings = 0;
			knownRegions = (
				en,
				Base,
			);
			mainGroup = 2E350DEB2550CBDD00083B2E;
			productRefGroup = 2E350DF52550CBDD00083B2E /* Products */;
			projectDirPath = "";
			projectRoot = "";
			targets = (
				2E350DF32550CBDD00083B2E /* GifR */,
				2E350E092550CBE000083B2E /* GifRTests */,
				2E350E142550CBE000083B2E /* GifRUITests */,
			);
		};
/* End PBXProject section */

/* Begin PBXResourcesBuildPhase section */
		2E350DF22550CBDD00083B2E /* Resources */ = {
			isa = PBXResourcesBuildPhase;
			buildActionMask = 2147483647;
			files = (
				2E350E042550CBE000083B2E /* LaunchScreen.storyboard in Resources */,
				2E350E012550CBE000083B2E /* Assets.xcassets in Resources */,
				2E350DFF2550CBDD00083B2E /* Main.storyboard in Resources */,
				2E350EBD2550DD8400083B2E /* Onboarding.storyboard in Resources */,
				2E350F052550E4F100083B2E /* OnboardingTextFieldCell.xib in Resources */,
				2E350EE62550DFAE00083B2E /* Intro.storyboard in Resources */,
			);
			runOnlyForDeploymentPostprocessing = 0;
		};
		2E350E082550CBE000083B2E /* Resources */ = {
			isa = PBXResourcesBuildPhase;
			buildActionMask = 2147483647;
			files = (
			);
			runOnlyForDeploymentPostprocessing = 0;
		};
		2E350E132550CBE000083B2E /* Resources */ = {
			isa = PBXResourcesBuildPhase;
			buildActionMask = 2147483647;
			files = (
			);
			runOnlyForDeploymentPostprocessing = 0;
		};
/* End PBXResourcesBuildPhase section */

/* Begin PBXShellScriptBuildPhase section */
		4447305AB7F2DC98028C07C8 /* [CP] Embed Pods Frameworks */ = {
			isa = PBXShellScriptBuildPhase;
			buildActionMask = 2147483647;
			files = (
			);
			inputFileListPaths = (
				"${PODS_ROOT}/Target Support Files/Pods-GifR-GifRUITests/Pods-GifR-GifRUITests-frameworks-${CONFIGURATION}-input-files.xcfilelist",
			);
			name = "[CP] Embed Pods Frameworks";
			outputFileListPaths = (
				"${PODS_ROOT}/Target Support Files/Pods-GifR-GifRUITests/Pods-GifR-GifRUITests-frameworks-${CONFIGURATION}-output-files.xcfilelist",
			);
			runOnlyForDeploymentPostprocessing = 0;
			shellPath = /bin/sh;
			shellScript = "\"${PODS_ROOT}/Target Support Files/Pods-GifR-GifRUITests/Pods-GifR-GifRUITests-frameworks.sh\"\n";
			showEnvVarsInLog = 0;
		};
		472446645A4D313CB46E39CF /* [CP] Embed Pods Frameworks */ = {
			isa = PBXShellScriptBuildPhase;
			buildActionMask = 2147483647;
			files = (
			);
			inputFileListPaths = (
				"${PODS_ROOT}/Target Support Files/Pods-GifR/Pods-GifR-frameworks-${CONFIGURATION}-input-files.xcfilelist",
			);
			name = "[CP] Embed Pods Frameworks";
			outputFileListPaths = (
				"${PODS_ROOT}/Target Support Files/Pods-GifR/Pods-GifR-frameworks-${CONFIGURATION}-output-files.xcfilelist",
			);
			runOnlyForDeploymentPostprocessing = 0;
			shellPath = /bin/sh;
			shellScript = "\"${PODS_ROOT}/Target Support Files/Pods-GifR/Pods-GifR-frameworks.sh\"\n";
			showEnvVarsInLog = 0;
		};
		5657F878ED00E7354ABBFC83 /* [CP] Check Pods Manifest.lock */ = {
			isa = PBXShellScriptBuildPhase;
			buildActionMask = 2147483647;
			files = (
			);
			inputFileListPaths = (
			);
			inputPaths = (
				"${PODS_PODFILE_DIR_PATH}/Podfile.lock",
				"${PODS_ROOT}/Manifest.lock",
			);
			name = "[CP] Check Pods Manifest.lock";
			outputFileListPaths = (
			);
			outputPaths = (
				"$(DERIVED_FILE_DIR)/Pods-GifR-checkManifestLockResult.txt",
			);
			runOnlyForDeploymentPostprocessing = 0;
			shellPath = /bin/sh;
			shellScript = "diff \"${PODS_PODFILE_DIR_PATH}/Podfile.lock\" \"${PODS_ROOT}/Manifest.lock\" > /dev/null\nif [ $? != 0 ] ; then\n    # print error to STDERR\n    echo \"error: The sandbox is not in sync with the Podfile.lock. Run 'pod install' or update your CocoaPods installation.\" >&2\n    exit 1\nfi\n# This output is used by Xcode 'outputs' to avoid re-running this script phase.\necho \"SUCCESS\" > \"${SCRIPT_OUTPUT_FILE_0}\"\n";
			showEnvVarsInLog = 0;
		};
		9CDBACCAE77109AD62FC35E0 /* [CP] Check Pods Manifest.lock */ = {
			isa = PBXShellScriptBuildPhase;
			buildActionMask = 2147483647;
			files = (
			);
			inputFileListPaths = (
			);
			inputPaths = (
				"${PODS_PODFILE_DIR_PATH}/Podfile.lock",
				"${PODS_ROOT}/Manifest.lock",
			);
			name = "[CP] Check Pods Manifest.lock";
			outputFileListPaths = (
			);
			outputPaths = (
				"$(DERIVED_FILE_DIR)/Pods-GifRTests-checkManifestLockResult.txt",
			);
			runOnlyForDeploymentPostprocessing = 0;
			shellPath = /bin/sh;
			shellScript = "diff \"${PODS_PODFILE_DIR_PATH}/Podfile.lock\" \"${PODS_ROOT}/Manifest.lock\" > /dev/null\nif [ $? != 0 ] ; then\n    # print error to STDERR\n    echo \"error: The sandbox is not in sync with the Podfile.lock. Run 'pod install' or update your CocoaPods installation.\" >&2\n    exit 1\nfi\n# This output is used by Xcode 'outputs' to avoid re-running this script phase.\necho \"SUCCESS\" > \"${SCRIPT_OUTPUT_FILE_0}\"\n";
			showEnvVarsInLog = 0;
		};
		DF71CB66F2F0947142E5DB66 /* [CP] Check Pods Manifest.lock */ = {
			isa = PBXShellScriptBuildPhase;
			buildActionMask = 2147483647;
			files = (
			);
			inputFileListPaths = (
			);
			inputPaths = (
				"${PODS_PODFILE_DIR_PATH}/Podfile.lock",
				"${PODS_ROOT}/Manifest.lock",
			);
			name = "[CP] Check Pods Manifest.lock";
			outputFileListPaths = (
			);
			outputPaths = (
				"$(DERIVED_FILE_DIR)/Pods-GifR-GifRUITests-checkManifestLockResult.txt",
			);
			runOnlyForDeploymentPostprocessing = 0;
			shellPath = /bin/sh;
			shellScript = "diff \"${PODS_PODFILE_DIR_PATH}/Podfile.lock\" \"${PODS_ROOT}/Manifest.lock\" > /dev/null\nif [ $? != 0 ] ; then\n    # print error to STDERR\n    echo \"error: The sandbox is not in sync with the Podfile.lock. Run 'pod install' or update your CocoaPods installation.\" >&2\n    exit 1\nfi\n# This output is used by Xcode 'outputs' to avoid re-running this script phase.\necho \"SUCCESS\" > \"${SCRIPT_OUTPUT_FILE_0}\"\n";
			showEnvVarsInLog = 0;
		};
/* End PBXShellScriptBuildPhase section */

/* Begin PBXSourcesBuildPhase section */
		2E350DF02550CBDD00083B2E /* Sources */ = {
			isa = PBXSourcesBuildPhase;
			buildActionMask = 2147483647;
			files = (
				2E350EDE2550DF7600083B2E /* IntroViewController.swift in Sources */,
				2E350EC62550DD8400083B2E /* OnboardingUseCase.swift in Sources */,
				2E350ED52550DE0B00083B2E /* Cells.swift in Sources */,
				2E350EBE2550DD8400083B2E /* OnboardingPresenter.swift in Sources */,
				2E350EC42550DD8400083B2E /* OnboardingAdapter.swift in Sources */,
				2E350EC02550DD8400083B2E /* OnboardingCellProtocol.swift in Sources */,
				2E350EC32550DD8400083B2E /* OnboardingCellConfigurator.swift in Sources */,
				2E350EC12550DD8400083B2E /* OnboardingTextFieldCell.swift in Sources */,
				2E350DFC2550CBDD00083B2E /* MainViewController.swift in Sources */,
				2E350EBF2550DD8400083B2E /* OnboardingConnector.swift in Sources */,
				2E350EC72550DD8400083B2E /* OnboardingBeginTransformer.swift in Sources */,
				2E350EC52550DD8400083B2E /* OnboardingViewController.swift in Sources */,
				2E350EC82550DD8400083B2E /* OnboardingRouter.swift in Sources */,
				2E350EC22550DD8400083B2E /* OnboardingViewModel.swift in Sources */,
				2E350DF82550CBDD00083B2E /* AppDelegate.swift in Sources */,
			);
			runOnlyForDeploymentPostprocessing = 0;
		};
		2E350E062550CBE000083B2E /* Sources */ = {
			isa = PBXSourcesBuildPhase;
			buildActionMask = 2147483647;
			files = (
				2E350E0F2550CBE000083B2E /* GifRTests.swift in Sources */,
			);
			runOnlyForDeploymentPostprocessing = 0;
		};
		2E350E112550CBE000083B2E /* Sources */ = {
			isa = PBXSourcesBuildPhase;
			buildActionMask = 2147483647;
			files = (
				2E350E1A2550CBE000083B2E /* GifRUITests.swift in Sources */,
			);
			runOnlyForDeploymentPostprocessing = 0;
		};
/* End PBXSourcesBuildPhase section */

/* Begin PBXTargetDependency section */
		2E350E0C2550CBE000083B2E /* PBXTargetDependency */ = {
			isa = PBXTargetDependency;
			target = 2E350DF32550CBDD00083B2E /* GifR */;
			targetProxy = 2E350E0B2550CBE000083B2E /* PBXContainerItemProxy */;
		};
		2E350E172550CBE000083B2E /* PBXTargetDependency */ = {
			isa = PBXTargetDependency;
			target = 2E350DF32550CBDD00083B2E /* GifR */;
			targetProxy = 2E350E162550CBE000083B2E /* PBXContainerItemProxy */;
		};
/* End PBXTargetDependency section */

/* Begin PBXVariantGroup section */
		2E350DFD2550CBDD00083B2E /* Main.storyboard */ = {
			isa = PBXVariantGroup;
			children = (
				2E350DFE2550CBDD00083B2E /* Base */,
			);
			name = Main.storyboard;
			sourceTree = "<group>";
		};
		2E350E022550CBE000083B2E /* LaunchScreen.storyboard */ = {
			isa = PBXVariantGroup;
			children = (
				2E350E032550CBE000083B2E /* Base */,
			);
			name = LaunchScreen.storyboard;
			sourceTree = "<group>";
		};
/* End PBXVariantGroup section */

/* Begin XCBuildConfiguration section */
		2E350E1C2550CBE000083B2E /* Debug */ = {
			isa = XCBuildConfiguration;
			buildSettings = {
				ALWAYS_SEARCH_USER_PATHS = NO;
				CLANG_ANALYZER_NONNULL = YES;
				CLANG_ANALYZER_NUMBER_OBJECT_CONVERSION = YES_AGGRESSIVE;
				CLANG_CXX_LANGUAGE_STANDARD = "gnu++14";
				CLANG_CXX_LIBRARY = "libc++";
				CLANG_ENABLE_MODULES = YES;
				CLANG_ENABLE_OBJC_ARC = YES;
				CLANG_ENABLE_OBJC_WEAK = YES;
				CLANG_WARN_BLOCK_CAPTURE_AUTORELEASING = YES;
				CLANG_WARN_BOOL_CONVERSION = YES;
				CLANG_WARN_COMMA = YES;
				CLANG_WARN_CONSTANT_CONVERSION = YES;
				CLANG_WARN_DEPRECATED_OBJC_IMPLEMENTATIONS = YES;
				CLANG_WARN_DIRECT_OBJC_ISA_USAGE = YES_ERROR;
				CLANG_WARN_DOCUMENTATION_COMMENTS = YES;
				CLANG_WARN_EMPTY_BODY = YES;
				CLANG_WARN_ENUM_CONVERSION = YES;
				CLANG_WARN_INFINITE_RECURSION = YES;
				CLANG_WARN_INT_CONVERSION = YES;
				CLANG_WARN_NON_LITERAL_NULL_CONVERSION = YES;
				CLANG_WARN_OBJC_IMPLICIT_RETAIN_SELF = YES;
				CLANG_WARN_OBJC_LITERAL_CONVERSION = YES;
				CLANG_WARN_OBJC_ROOT_CLASS = YES_ERROR;
				CLANG_WARN_QUOTED_INCLUDE_IN_FRAMEWORK_HEADER = YES;
				CLANG_WARN_RANGE_LOOP_ANALYSIS = YES;
				CLANG_WARN_STRICT_PROTOTYPES = YES;
				CLANG_WARN_SUSPICIOUS_MOVE = YES;
				CLANG_WARN_UNGUARDED_AVAILABILITY = YES_AGGRESSIVE;
				CLANG_WARN_UNREACHABLE_CODE = YES;
				CLANG_WARN__DUPLICATE_METHOD_MATCH = YES;
				COPY_PHASE_STRIP = NO;
				DEBUG_INFORMATION_FORMAT = dwarf;
				ENABLE_STRICT_OBJC_MSGSEND = YES;
				ENABLE_TESTABILITY = YES;
				GCC_C_LANGUAGE_STANDARD = gnu11;
				GCC_DYNAMIC_NO_PIC = NO;
				GCC_NO_COMMON_BLOCKS = YES;
				GCC_OPTIMIZATION_LEVEL = 0;
				GCC_PREPROCESSOR_DEFINITIONS = (
					"DEBUG=1",
					"$(inherited)",
				);
				GCC_WARN_64_TO_32_BIT_CONVERSION = YES;
				GCC_WARN_ABOUT_RETURN_TYPE = YES_ERROR;
				GCC_WARN_UNDECLARED_SELECTOR = YES;
				GCC_WARN_UNINITIALIZED_AUTOS = YES_AGGRESSIVE;
				GCC_WARN_UNUSED_FUNCTION = YES;
				GCC_WARN_UNUSED_VARIABLE = YES;
				IPHONEOS_DEPLOYMENT_TARGET = 14.1;
				MTL_ENABLE_DEBUG_INFO = INCLUDE_SOURCE;
				MTL_FAST_MATH = YES;
				ONLY_ACTIVE_ARCH = YES;
				SDKROOT = iphoneos;
				SWIFT_ACTIVE_COMPILATION_CONDITIONS = DEBUG;
				SWIFT_OPTIMIZATION_LEVEL = "-Onone";
			};
			name = Debug;
		};
		2E350E1D2550CBE000083B2E /* Release */ = {
			isa = XCBuildConfiguration;
			buildSettings = {
				ALWAYS_SEARCH_USER_PATHS = NO;
				CLANG_ANALYZER_NONNULL = YES;
				CLANG_ANALYZER_NUMBER_OBJECT_CONVERSION = YES_AGGRESSIVE;
				CLANG_CXX_LANGUAGE_STANDARD = "gnu++14";
				CLANG_CXX_LIBRARY = "libc++";
				CLANG_ENABLE_MODULES = YES;
				CLANG_ENABLE_OBJC_ARC = YES;
				CLANG_ENABLE_OBJC_WEAK = YES;
				CLANG_WARN_BLOCK_CAPTURE_AUTORELEASING = YES;
				CLANG_WARN_BOOL_CONVERSION = YES;
				CLANG_WARN_COMMA = YES;
				CLANG_WARN_CONSTANT_CONVERSION = YES;
				CLANG_WARN_DEPRECATED_OBJC_IMPLEMENTATIONS = YES;
				CLANG_WARN_DIRECT_OBJC_ISA_USAGE = YES_ERROR;
				CLANG_WARN_DOCUMENTATION_COMMENTS = YES;
				CLANG_WARN_EMPTY_BODY = YES;
				CLANG_WARN_ENUM_CONVERSION = YES;
				CLANG_WARN_INFINITE_RECURSION = YES;
				CLANG_WARN_INT_CONVERSION = YES;
				CLANG_WARN_NON_LITERAL_NULL_CONVERSION = YES;
				CLANG_WARN_OBJC_IMPLICIT_RETAIN_SELF = YES;
				CLANG_WARN_OBJC_LITERAL_CONVERSION = YES;
				CLANG_WARN_OBJC_ROOT_CLASS = YES_ERROR;
				CLANG_WARN_QUOTED_INCLUDE_IN_FRAMEWORK_HEADER = YES;
				CLANG_WARN_RANGE_LOOP_ANALYSIS = YES;
				CLANG_WARN_STRICT_PROTOTYPES = YES;
				CLANG_WARN_SUSPICIOUS_MOVE = YES;
				CLANG_WARN_UNGUARDED_AVAILABILITY = YES_AGGRESSIVE;
				CLANG_WARN_UNREACHABLE_CODE = YES;
				CLANG_WARN__DUPLICATE_METHOD_MATCH = YES;
				COPY_PHASE_STRIP = NO;
				DEBUG_INFORMATION_FORMAT = "dwarf-with-dsym";
				ENABLE_NS_ASSERTIONS = NO;
				ENABLE_STRICT_OBJC_MSGSEND = YES;
				GCC_C_LANGUAGE_STANDARD = gnu11;
				GCC_NO_COMMON_BLOCKS = YES;
				GCC_WARN_64_TO_32_BIT_CONVERSION = YES;
				GCC_WARN_ABOUT_RETURN_TYPE = YES_ERROR;
				GCC_WARN_UNDECLARED_SELECTOR = YES;
				GCC_WARN_UNINITIALIZED_AUTOS = YES_AGGRESSIVE;
				GCC_WARN_UNUSED_FUNCTION = YES;
				GCC_WARN_UNUSED_VARIABLE = YES;
				IPHONEOS_DEPLOYMENT_TARGET = 14.1;
				MTL_ENABLE_DEBUG_INFO = NO;
				MTL_FAST_MATH = YES;
				SDKROOT = iphoneos;
				SWIFT_COMPILATION_MODE = wholemodule;
				SWIFT_OPTIMIZATION_LEVEL = "-O";
				VALIDATE_PRODUCT = YES;
			};
			name = Release;
		};
		2E350E1F2550CBE000083B2E /* Debug */ = {
			isa = XCBuildConfiguration;
			baseConfigurationReference = F18A389A039A67FFF305930E /* Pods-GifR.debug.xcconfig */;
			buildSettings = {
				ASSETCATALOG_COMPILER_APPICON_NAME = AppIcon;
				ASSETCATALOG_COMPILER_GLOBAL_ACCENT_COLOR_NAME = AccentColor;
				CODE_SIGN_STYLE = Automatic;
				DEVELOPMENT_TEAM = L7DJNXX5JN;
				INFOPLIST_FILE = GifR/Info.plist;
				LD_RUNPATH_SEARCH_PATHS = (
					"$(inherited)",
					"@executable_path/Frameworks",
				);
				PRODUCT_BUNDLE_IDENTIFIER = com.graemeharrison.GifR;
				PRODUCT_NAME = "$(TARGET_NAME)";
				SWIFT_VERSION = 5.0;
				TARGETED_DEVICE_FAMILY = "1,2";
			};
			name = Debug;
		};
		2E350E202550CBE000083B2E /* Release */ = {
			isa = XCBuildConfiguration;
			baseConfigurationReference = 6FFCC379480793231BE48265 /* Pods-GifR.release.xcconfig */;
			buildSettings = {
				ASSETCATALOG_COMPILER_APPICON_NAME = AppIcon;
				ASSETCATALOG_COMPILER_GLOBAL_ACCENT_COLOR_NAME = AccentColor;
				CODE_SIGN_STYLE = Automatic;
				DEVELOPMENT_TEAM = L7DJNXX5JN;
				INFOPLIST_FILE = GifR/Info.plist;
				LD_RUNPATH_SEARCH_PATHS = (
					"$(inherited)",
					"@executable_path/Frameworks",
				);
				PRODUCT_BUNDLE_IDENTIFIER = com.graemeharrison.GifR;
				PRODUCT_NAME = "$(TARGET_NAME)";
				SWIFT_VERSION = 5.0;
				TARGETED_DEVICE_FAMILY = "1,2";
			};
			name = Release;
		};
		2E350E222550CBE000083B2E /* Debug */ = {
			isa = XCBuildConfiguration;
			baseConfigurationReference = E61ECD57B22A331342ABD70F /* Pods-GifRTests.debug.xcconfig */;
			buildSettings = {
				ALWAYS_EMBED_SWIFT_STANDARD_LIBRARIES = YES;
				BUNDLE_LOADER = "$(TEST_HOST)";
				CODE_SIGN_STYLE = Automatic;
				DEVELOPMENT_TEAM = L7DJNXX5JN;
				INFOPLIST_FILE = GifRTests/Info.plist;
				IPHONEOS_DEPLOYMENT_TARGET = 14.1;
				LD_RUNPATH_SEARCH_PATHS = (
					"$(inherited)",
					"@executable_path/Frameworks",
					"@loader_path/Frameworks",
				);
				PRODUCT_BUNDLE_IDENTIFIER = com.graemeharrison.GifRTests;
				PRODUCT_NAME = "$(TARGET_NAME)";
				SWIFT_VERSION = 5.0;
				TARGETED_DEVICE_FAMILY = "1,2";
				TEST_HOST = "$(BUILT_PRODUCTS_DIR)/GifR.app/GifR";
			};
			name = Debug;
		};
		2E350E232550CBE000083B2E /* Release */ = {
			isa = XCBuildConfiguration;
			baseConfigurationReference = 7074A492A67C234F2D44C91C /* Pods-GifRTests.release.xcconfig */;
			buildSettings = {
				ALWAYS_EMBED_SWIFT_STANDARD_LIBRARIES = YES;
				BUNDLE_LOADER = "$(TEST_HOST)";
				CODE_SIGN_STYLE = Automatic;
				DEVELOPMENT_TEAM = L7DJNXX5JN;
				INFOPLIST_FILE = GifRTests/Info.plist;
				IPHONEOS_DEPLOYMENT_TARGET = 14.1;
				LD_RUNPATH_SEARCH_PATHS = (
					"$(inherited)",
					"@executable_path/Frameworks",
					"@loader_path/Frameworks",
				);
				PRODUCT_BUNDLE_IDENTIFIER = com.graemeharrison.GifRTests;
				PRODUCT_NAME = "$(TARGET_NAME)";
				SWIFT_VERSION = 5.0;
				TARGETED_DEVICE_FAMILY = "1,2";
				TEST_HOST = "$(BUILT_PRODUCTS_DIR)/GifR.app/GifR";
			};
			name = Release;
		};
		2E350E252550CBE000083B2E /* Debug */ = {
			isa = XCBuildConfiguration;
			baseConfigurationReference = 15721913E787209344C3C21D /* Pods-GifR-GifRUITests.debug.xcconfig */;
			buildSettings = {
				ALWAYS_EMBED_SWIFT_STANDARD_LIBRARIES = YES;
				CODE_SIGN_STYLE = Automatic;
				DEVELOPMENT_TEAM = L7DJNXX5JN;
				INFOPLIST_FILE = GifRUITests/Info.plist;
				LD_RUNPATH_SEARCH_PATHS = (
					"$(inherited)",
					"@executable_path/Frameworks",
					"@loader_path/Frameworks",
				);
				PRODUCT_BUNDLE_IDENTIFIER = com.graemeharrison.GifRUITests;
				PRODUCT_NAME = "$(TARGET_NAME)";
				SWIFT_VERSION = 5.0;
				TARGETED_DEVICE_FAMILY = "1,2";
				TEST_TARGET_NAME = GifR;
			};
			name = Debug;
		};
		2E350E262550CBE000083B2E /* Release */ = {
			isa = XCBuildConfiguration;
			baseConfigurationReference = C6EA32E17A05650F02441D97 /* Pods-GifR-GifRUITests.release.xcconfig */;
			buildSettings = {
				ALWAYS_EMBED_SWIFT_STANDARD_LIBRARIES = YES;
				CODE_SIGN_STYLE = Automatic;
				DEVELOPMENT_TEAM = L7DJNXX5JN;
				INFOPLIST_FILE = GifRUITests/Info.plist;
				LD_RUNPATH_SEARCH_PATHS = (
					"$(inherited)",
					"@executable_path/Frameworks",
					"@loader_path/Frameworks",
				);
				PRODUCT_BUNDLE_IDENTIFIER = com.graemeharrison.GifRUITests;
				PRODUCT_NAME = "$(TARGET_NAME)";
				SWIFT_VERSION = 5.0;
				TARGETED_DEVICE_FAMILY = "1,2";
				TEST_TARGET_NAME = GifR;
			};
			name = Release;
		};
/* End XCBuildConfiguration section */

/* Begin XCConfigurationList section */
		2E350DEF2550CBDD00083B2E /* Build configuration list for PBXProject "GifR" */ = {
			isa = XCConfigurationList;
			buildConfigurations = (
				2E350E1C2550CBE000083B2E /* Debug */,
				2E350E1D2550CBE000083B2E /* Release */,
			);
			defaultConfigurationIsVisible = 0;
			defaultConfigurationName = Release;
		};
		2E350E1E2550CBE000083B2E /* Build configuration list for PBXNativeTarget "GifR" */ = {
			isa = XCConfigurationList;
			buildConfigurations = (
				2E350E1F2550CBE000083B2E /* Debug */,
				2E350E202550CBE000083B2E /* Release */,
			);
			defaultConfigurationIsVisible = 0;
			defaultConfigurationName = Release;
		};
		2E350E212550CBE000083B2E /* Build configuration list for PBXNativeTarget "GifRTests" */ = {
			isa = XCConfigurationList;
			buildConfigurations = (
				2E350E222550CBE000083B2E /* Debug */,
				2E350E232550CBE000083B2E /* Release */,
			);
			defaultConfigurationIsVisible = 0;
			defaultConfigurationName = Release;
		};
		2E350E242550CBE000083B2E /* Build configuration list for PBXNativeTarget "GifRUITests" */ = {
			isa = XCConfigurationList;
			buildConfigurations = (
				2E350E252550CBE000083B2E /* Debug */,
				2E350E262550CBE000083B2E /* Release */,
			);
			defaultConfigurationIsVisible = 0;
			defaultConfigurationName = Release;
		};
/* End XCConfigurationList section */
	};
	rootObject = 2E350DEC2550CBDD00083B2E /* Project object */;
}
